// !$*UTF8*$!
{
	archiveVersion = 1;
	classes = {
	};
	objectVersion = 50;
	objects = {

/* Begin PBXBuildFile section */
		33D548D52371BC7B0072E2B3 /* AppDelegate.swift in Sources */ = {isa = PBXBuildFile; fileRef = 33D548D42371BC7B0072E2B3 /* AppDelegate.swift */; };
		33D548D72371BC7B0072E2B3 /* SceneDelegate.swift in Sources */ = {isa = PBXBuildFile; fileRef = 33D548D62371BC7B0072E2B3 /* SceneDelegate.swift */; };
		33D548D92371BC7B0072E2B3 /* ViewController.swift in Sources */ = {isa = PBXBuildFile; fileRef = 33D548D82371BC7B0072E2B3 /* ViewController.swift */; };
		33D548DC2371BC7B0072E2B3 /* Main.storyboard in Resources */ = {isa = PBXBuildFile; fileRef = 33D548DA2371BC7B0072E2B3 /* Main.storyboard */; };
		33D548DE2371BC7F0072E2B3 /* Assets.xcassets in Resources */ = {isa = PBXBuildFile; fileRef = 33D548DD2371BC7F0072E2B3 /* Assets.xcassets */; };
		33D548E12371BC7F0072E2B3 /* LaunchScreen.storyboard in Resources */ = {isa = PBXBuildFile; fileRef = 33D548DF2371BC7F0072E2B3 /* LaunchScreen.storyboard */; };
		33D548EC2371BC7F0072E2B3 /* ToDoListTests.swift in Sources */ = {isa = PBXBuildFile; fileRef = 33D548EB2371BC7F0072E2B3 /* ToDoListTests.swift */; };
		33D548F72371BC7F0072E2B3 /* ToDoListUITests.swift in Sources */ = {isa = PBXBuildFile; fileRef = 33D548F62371BC7F0072E2B3 /* ToDoListUITests.swift */; };
/* End PBXBuildFile section */

/* Begin PBXContainerItemProxy section */
		33D548E82371BC7F0072E2B3 /* PBXContainerItemProxy */ = {
			isa = PBXContainerItemProxy;
			containerPortal = 33D548C92371BC7B0072E2B3 /* Project object */;
			proxyType = 1;
			remoteGlobalIDString = 33D548D02371BC7B0072E2B3;
			remoteInfo = ToDoList;
		};
		33D548F32371BC7F0072E2B3 /* PBXContainerItemProxy */ = {
			isa = PBXContainerItemProxy;
			containerPortal = 33D548C92371BC7B0072E2B3 /* Project object */;
			proxyType = 1;
			remoteGlobalIDString = 33D548D02371BC7B0072E2B3;
			remoteInfo = ToDoList;
		};
/* End PBXContainerItemProxy section */

/* Begin PBXFileReference section */
		33D548D12371BC7B0072E2B3 /* ToDoList.app */ = {isa = PBXFileReference; explicitFileType = wrapper.application; includeInIndex = 0; path = ToDoList.app; sourceTree = BUILT_PRODUCTS_DIR; };
		33D548D42371BC7B0072E2B3 /* AppDelegate.swift */ = {isa = PBXFileReference; lastKnownFileType = sourcecode.swift; path = AppDelegate.swift; sourceTree = "<group>"; };
		33D548D62371BC7B0072E2B3 /* SceneDelegate.swift */ = {isa = PBXFileReference; lastKnownFileType = sourcecode.swift; path = SceneDelegate.swift; sourceTree = "<group>"; };
		33D548D82371BC7B0072E2B3 /* ViewController.swift */ = {isa = PBXFileReference; lastKnownFileType = sourcecode.swift; path = ViewController.swift; sourceTree = "<group>"; };
		33D548DB2371BC7B0072E2B3 /* Base */ = {isa = PBXFileReference; lastKnownFileType = file.storyboard; name = Base; path = Base.lproj/Main.storyboard; sourceTree = "<group>"; };
		33D548DD2371BC7F0072E2B3 /* Assets.xcassets */ = {isa = PBXFileReference; lastKnownFileType = folder.assetcatalog; path = Assets.xcassets; sourceTree = "<group>"; };
		33D548E02371BC7F0072E2B3 /* Base */ = {isa = PBXFileReference; lastKnownFileType = file.storyboard; name = Base; path = Base.lproj/LaunchScreen.storyboard; sourceTree = "<group>"; };
		33D548E22371BC7F0072E2B3 /* Info.plist */ = {isa = PBXFileReference; lastKnownFileType = text.plist.xml; path = Info.plist; sourceTree = "<group>"; };
		33D548E72371BC7F0072E2B3 /* ToDoListTests.xctest */ = {isa = PBXFileReference; explicitFileType = wrapper.cfbundle; includeInIndex = 0; path = ToDoListTests.xctest; sourceTree = BUILT_PRODUCTS_DIR; };
		33D548EB2371BC7F0072E2B3 /* ToDoListTests.swift */ = {isa = PBXFileReference; lastKnownFileType = sourcecode.swift; path = ToDoListTests.swift; sourceTree = "<group>"; };
		33D548ED2371BC7F0072E2B3 /* Info.plist */ = {isa = PBXFileReference; lastKnownFileType = text.plist.xml; path = Info.plist; sourceTree = "<group>"; };
		33D548F22371BC7F0072E2B3 /* ToDoListUITests.xctest */ = {isa = PBXFileReference; explicitFileType = wrapper.cfbundle; includeInIndex = 0; path = ToDoListUITests.xctest; sourceTree = BUILT_PRODUCTS_DIR; };
		33D548F62371BC7F0072E2B3 /* ToDoListUITests.swift */ = {isa = PBXFileReference; lastKnownFileType = sourcecode.swift; path = ToDoListUITests.swift; sourceTree = "<group>"; };
		33D548F82371BC7F0072E2B3 /* Info.plist */ = {isa = PBXFileReference; lastKnownFileType = text.plist.xml; path = Info.plist; sourceTree = "<group>"; };
/* End PBXFileReference section */

/* Begin PBXFrameworksBuildPhase section */
		33D548CE2371BC7B0072E2B3 /* Frameworks */ = {
			isa = PBXFrameworksBuildPhase;
			buildActionMask = 2147483647;
			files = (
			);
			runOnlyForDeploymentPostprocessing = 0;
		};
		33D548E42371BC7F0072E2B3 /* Frameworks */ = {
			isa = PBXFrameworksBuildPhase;
			buildActionMask = 2147483647;
			files = (
			);
			runOnlyForDeploymentPostprocessing = 0;
		};
		33D548EF2371BC7F0072E2B3 /* Frameworks */ = {
			isa = PBXFrameworksBuildPhase;
			buildActionMask = 2147483647;
			files = (
			);
			runOnlyForDeploymentPostprocessing = 0;
		};
/* End PBXFrameworksBuildPhase section */

/* Begin PBXGroup section */
		33D548C82371BC7B0072E2B3 = {
			isa = PBXGroup;
			children = (
				33D548D32371BC7B0072E2B3 /* ToDoList */,
				33D548EA2371BC7F0072E2B3 /* ToDoListTests */,
				33D548F52371BC7F0072E2B3 /* ToDoListUITests */,
				33D548D22371BC7B0072E2B3 /* Products */,
			);
			sourceTree = "<group>";
		};
		33D548D22371BC7B0072E2B3 /* Products */ = {
			isa = PBXGroup;
			children = (
				33D548D12371BC7B0072E2B3 /* ToDoList.app */,
				33D548E72371BC7F0072E2B3 /* ToDoListTests.xctest */,
				33D548F22371BC7F0072E2B3 /* ToDoListUITests.xctest */,
			);
			name = Products;
			sourceTree = "<group>";
		};
		33D548D32371BC7B0072E2B3 /* ToDoList */ = {
			isa = PBXGroup;
			children = (
				33D548D42371BC7B0072E2B3 /* AppDelegate.swift */,
				33D548D62371BC7B0072E2B3 /* SceneDelegate.swift */,
				33D548D82371BC7B0072E2B3 /* ViewController.swift */,
				33D548DA2371BC7B0072E2B3 /* Main.storyboard */,
				33D548DD2371BC7F0072E2B3 /* Assets.xcassets */,
				33D548DF2371BC7F0072E2B3 /* LaunchScreen.storyboard */,
				33D548E22371BC7F0072E2B3 /* Info.plist */,
			);
			path = ToDoList;
			sourceTree = "<group>";
		};
		33D548EA2371BC7F0072E2B3 /* ToDoListTests */ = {
			isa = PBXGroup;
			children = (
				33D548EB2371BC7F0072E2B3 /* ToDoListTests.swift */,
				33D548ED2371BC7F0072E2B3 /* Info.plist */,
			);
			path = ToDoListTests;
			sourceTree = "<group>";
		};
		33D548F52371BC7F0072E2B3 /* ToDoListUITests */ = {
			isa = PBXGroup;
			children = (
				33D548F62371BC7F0072E2B3 /* ToDoListUITests.swift */,
				33D548F82371BC7F0072E2B3 /* Info.plist */,
			);
			path = ToDoListUITests;
			sourceTree = "<group>";
		};
/* End PBXGroup section */

/* Begin PBXNativeTarget section */
		33D548D02371BC7B0072E2B3 /* ToDoList */ = {
			isa = PBXNativeTarget;
			buildConfigurationList = 33D548FB2371BC7F0072E2B3 /* Build configuration list for PBXNativeTarget "ToDoList" */;
			buildPhases = (
				33D548CD2371BC7B0072E2B3 /* Sources */,
				33D548CE2371BC7B0072E2B3 /* Frameworks */,
				33D548CF2371BC7B0072E2B3 /* Resources */,
			);
			buildRules = (
			);
			dependencies = (
			);
			name = ToDoList;
			productName = ToDoList;
			productReference = 33D548D12371BC7B0072E2B3 /* ToDoList.app */;
			productType = "com.apple.product-type.application";
		};
		33D548E62371BC7F0072E2B3 /* ToDoListTests */ = {
			isa = PBXNativeTarget;
			buildConfigurationList = 33D548FE2371BC7F0072E2B3 /* Build configuration list for PBXNativeTarget "ToDoListTests" */;
			buildPhases = (
				33D548E32371BC7F0072E2B3 /* Sources */,
				33D548E42371BC7F0072E2B3 /* Frameworks */,
				33D548E52371BC7F0072E2B3 /* Resources */,
			);
			buildRules = (
			);
			dependencies = (
				33D548E92371BC7F0072E2B3 /* PBXTargetDependency */,
			);
			name = ToDoListTests;
			productName = ToDoListTests;
			productReference = 33D548E72371BC7F0072E2B3 /* ToDoListTests.xctest */;
			productType = "com.apple.product-type.bundle.unit-test";
		};
		33D548F12371BC7F0072E2B3 /* ToDoListUITests */ = {
			isa = PBXNativeTarget;
			buildConfigurationList = 33D549012371BC7F0072E2B3 /* Build configuration list for PBXNativeTarget "ToDoListUITests" */;
			buildPhases = (
				33D548EE2371BC7F0072E2B3 /* Sources */,
				33D548EF2371BC7F0072E2B3 /* Frameworks */,
				33D548F02371BC7F0072E2B3 /* Resources */,
			);
			buildRules = (
			);
			dependencies = (
				33D548F42371BC7F0072E2B3 /* PBXTargetDependency */,
			);
			name = ToDoListUITests;
			productName = ToDoListUITests;
			productReference = 33D548F22371BC7F0072E2B3 /* ToDoListUITests.xctest */;
			productType = "com.apple.product-type.bundle.ui-testing";
		};
/* End PBXNativeTarget section */

/* Begin PBXProject section */
		33D548C92371BC7B0072E2B3 /* Project object */ = {
			isa = PBXProject;
			attributes = {
				LastSwiftUpdateCheck = 1110;
				LastUpgradeCheck = 1110;
				ORGANIZATIONNAME = "Alice Zhong";
				TargetAttributes = {
					33D548D02371BC7B0072E2B3 = {
						CreatedOnToolsVersion = 11.1;
					};
					33D548E62371BC7F0072E2B3 = {
						CreatedOnToolsVersion = 11.1;
						TestTargetID = 33D548D02371BC7B0072E2B3;
					};
					33D548F12371BC7F0072E2B3 = {
						CreatedOnToolsVersion = 11.1;
						TestTargetID = 33D548D02371BC7B0072E2B3;
					};
				};
			};
			buildConfigurationList = 33D548CC2371BC7B0072E2B3 /* Build configuration list for PBXProject "ToDoList" */;
			compatibilityVersion = "Xcode 9.3";
			developmentRegion = en;
			hasScannedForEncodings = 0;
			knownRegions = (
				en,
				Base,
			);
			mainGroup = 33D548C82371BC7B0072E2B3;
			productRefGroup = 33D548D22371BC7B0072E2B3 /* Products */;
			projectDirPath = "";
			projectRoot = "";
			targets = (
				33D548D02371BC7B0072E2B3 /* ToDoList */,
				33D548E62371BC7F0072E2B3 /* ToDoListTests */,
				33D548F12371BC7F0072E2B3 /* ToDoListUITests */,
			);
		};
/* End PBXProject section */

/* Begin PBXResourcesBuildPhase section */
		33D548CF2371BC7B0072E2B3 /* Resources */ = {
			isa = PBXResourcesBuildPhase;
			buildActionMask = 2147483647;
			files = (
				33D548E12371BC7F0072E2B3 /* LaunchScreen.storyboard in Resources */,
				33D548DE2371BC7F0072E2B3 /* Assets.xcassets in Resources */,
				33D548DC2371BC7B0072E2B3 /* Main.storyboard in Resources */,
			);
			runOnlyForDeploymentPostprocessing = 0;
		};
		33D548E52371BC7F0072E2B3 /* Resources */ = {
			isa = PBXResourcesBuildPhase;
			buildActionMask = 2147483647;
			files = (
			);
			runOnlyForDeploymentPostprocessing = 0;
		};
		33D548F02371BC7F0072E2B3 /* Resources */ = {
			isa = PBXResourcesBuildPhase;
			buildActionMask = 2147483647;
			files = (
			);
			runOnlyForDeploymentPostprocessing = 0;
		};
/* End PBXResourcesBuildPhase section */

/* Begin PBXSourcesBuildPhase section */
		33D548CD2371BC7B0072E2B3 /* Sources */ = {
			isa = PBXSourcesBuildPhase;
			buildActionMask = 2147483647;
			files = (
				33D548D92371BC7B0072E2B3 /* ViewController.swift in Sources */,
				33D548D52371BC7B0072E2B3 /* AppDelegate.swift in Sources */,
				33D548D72371BC7B0072E2B3 /* SceneDelegate.swift in Sources */,
			);
			runOnlyForDeploymentPostprocessing = 0;
		};
		33D548E32371BC7F0072E2B3 /* Sources */ = {
			isa = PBXSourcesBuildPhase;
			buildActionMask = 2147483647;
			files = (
				33D548EC2371BC7F0072E2B3 /* ToDoListTests.swift in Sources */,
			);
			runOnlyForDeploymentPostprocessing = 0;
		};
		33D548EE2371BC7F0072E2B3 /* Sources */ = {
			isa = PBXSourcesBuildPhase;
			buildActionMask = 2147483647;
			files = (
				33D548F72371BC7F0072E2B3 /* ToDoListUITests.swift in Sources */,
			);
			runOnlyForDeploymentPostprocessing = 0;
		};
/* End PBXSourcesBuildPhase section */

/* Begin PBXTargetDependency section */
		33D548E92371BC7F0072E2B3 /* PBXTargetDependency */ = {
			isa = PBXTargetDependency;
			target = 33D548D02371BC7B0072E2B3 /* ToDoList */;
			targetProxy = 33D548E82371BC7F0072E2B3 /* PBXContainerItemProxy */;
		};
		33D548F42371BC7F0072E2B3 /* PBXTargetDependency */ = {
			isa = PBXTargetDependency;
			target = 33D548D02371BC7B0072E2B3 /* ToDoList */;
			targetProxy = 33D548F32371BC7F0072E2B3 /* PBXContainerItemProxy */;
		};
/* End PBXTargetDependency section */

/* Begin PBXVariantGroup section */
		33D548DA2371BC7B0072E2B3 /* Main.storyboard */ = {
			isa = PBXVariantGroup;
			children = (
				33D548DB2371BC7B0072E2B3 /* Base */,
			);
			name = Main.storyboard;
			sourceTree = "<group>";
		};
		33D548DF2371BC7F0072E2B3 /* LaunchScreen.storyboard */ = {
			isa = PBXVariantGroup;
			children = (
				33D548E02371BC7F0072E2B3 /* Base */,
			);
			name = LaunchScreen.storyboard;
			sourceTree = "<group>";
		};
/* End PBXVariantGroup section */

/* Begin XCBuildConfiguration section */
		33D548F92371BC7F0072E2B3 /* Debug */ = {
			isa = XCBuildConfiguration;
			buildSettings = {
				ALWAYS_SEARCH_USER_PATHS = NO;
				CLANG_ANALYZER_NONNULL = YES;
				CLANG_ANALYZER_NUMBER_OBJECT_CONVERSION = YES_AGGRESSIVE;
				CLANG_CXX_LANGUAGE_STANDARD = "gnu++14";
				CLANG_CXX_LIBRARY = "libc++";
				CLANG_ENABLE_MODULES = YES;
				CLANG_ENABLE_OBJC_ARC = YES;
				CLANG_ENABLE_OBJC_WEAK = YES;
				CLANG_WARN_BLOCK_CAPTURE_AUTORELEASING = YES;
				CLANG_WARN_BOOL_CONVERSION = YES;
				CLANG_WARN_COMMA = YES;
				CLANG_WARN_CONSTANT_CONVERSION = YES;
				CLANG_WARN_DEPRECATED_OBJC_IMPLEMENTATIONS = YES;
				CLANG_WARN_DIRECT_OBJC_ISA_USAGE = YES_ERROR;
				CLANG_WARN_DOCUMENTATION_COMMENTS = YES;
				CLANG_WARN_EMPTY_BODY = YES;
				CLANG_WARN_ENUM_CONVERSION = YES;
				CLANG_WARN_INFINITE_RECURSION = YES;
				CLANG_WARN_INT_CONVERSION = YES;
				CLANG_WARN_NON_LITERAL_NULL_CONVERSION = YES;
				CLANG_WARN_OBJC_IMPLICIT_RETAIN_SELF = YES;
				CLANG_WARN_OBJC_LITERAL_CONVERSION = YES;
				CLANG_WARN_OBJC_ROOT_CLASS = YES_ERROR;
				CLANG_WARN_RANGE_LOOP_ANALYSIS = YES;
				CLANG_WARN_STRICT_PROTOTYPES = YES;
				CLANG_WARN_SUSPICIOUS_MOVE = YES;
				CLANG_WARN_UNGUARDED_AVAILABILITY = YES_AGGRESSIVE;
				CLANG_WARN_UNREACHABLE_CODE = YES;
				CLANG_WARN__DUPLICATE_METHOD_MATCH = YES;
				COPY_PHASE_STRIP = NO;
				DEBUG_INFORMATION_FORMAT = dwarf;
				ENABLE_STRICT_OBJC_MSGSEND = YES;
				ENABLE_TESTABILITY = YES;
				GCC_C_LANGUAGE_STANDARD = gnu11;
				GCC_DYNAMIC_NO_PIC = NO;
				GCC_NO_COMMON_BLOCKS = YES;
				GCC_OPTIMIZATION_LEVEL = 0;
				GCC_PREPROCESSOR_DEFINITIONS = (
					"DEBUG=1",
					"$(inherited)",
				);
				GCC_WARN_64_TO_32_BIT_CONVERSION = YES;
				GCC_WARN_ABOUT_RETURN_TYPE = YES_ERROR;
				GCC_WARN_UNDECLARED_SELECTOR = YES;
				GCC_WARN_UNINITIALIZED_AUTOS = YES_AGGRESSIVE;
				GCC_WARN_UNUSED_FUNCTION = YES;
				GCC_WARN_UNUSED_VARIABLE = YES;
				IPHONEOS_DEPLOYMENT_TARGET = 13.1;
				MTL_ENABLE_DEBUG_INFO = INCLUDE_SOURCE;
				MTL_FAST_MATH = YES;
				ONLY_ACTIVE_ARCH = YES;
				SDKROOT = iphoneos;
				SWIFT_ACTIVE_COMPILATION_CONDITIONS = DEBUG;
				SWIFT_OPTIMIZATION_LEVEL = "-Onone";
			};
			name = Debug;
		};
		33D548FA2371BC7F0072E2B3 /* Release */ = {
			isa = XCBuildConfiguration;
			buildSettings = {
				ALWAYS_SEARCH_USER_PATHS = NO;
				CLANG_ANALYZER_NONNULL = YES;
				CLANG_ANALYZER_NUMBER_OBJECT_CONVERSION = YES_AGGRESSIVE;
				CLANG_CXX_LANGUAGE_STANDARD = "gnu++14";
				CLANG_CXX_LIBRARY = "libc++";
				CLANG_ENABLE_MODULES = YES;
				CLANG_ENABLE_OBJC_ARC = YES;
				CLANG_ENABLE_OBJC_WEAK = YES;
				CLANG_WARN_BLOCK_CAPTURE_AUTORELEASING = YES;
				CLANG_WARN_BOOL_CONVERSION = YES;
				CLANG_WARN_COMMA = YES;
				CLANG_WARN_CONSTANT_CONVERSION = YES;
				CLANG_WARN_DEPRECATED_OBJC_IMPLEMENTATIONS = YES;
				CLANG_WARN_DIRECT_OBJC_ISA_USAGE = YES_ERROR;
				CLANG_WARN_DOCUMENTATION_COMMENTS = YES;
				CLANG_WARN_EMPTY_BODY = YES;
				CLANG_WARN_ENUM_CONVERSION = YES;
				CLANG_WARN_INFINITE_RECURSION = YES;
				CLANG_WARN_INT_CONVERSION = YES;
				CLANG_WARN_NON_LITERAL_NULL_CONVERSION = YES;
				CLANG_WARN_OBJC_IMPLICIT_RETAIN_SELF = YES;
				CLANG_WARN_OBJC_LITERAL_CONVERSION = YES;
				CLANG_WARN_OBJC_ROOT_CLASS = YES_ERROR;
				CLANG_WARN_RANGE_LOOP_ANALYSIS = YES;
				CLANG_WARN_STRICT_PROTOTYPES = YES;
				CLANG_WARN_SUSPICIOUS_MOVE = YES;
				CLANG_WARN_UNGUARDED_AVAILABILITY = YES_AGGRESSIVE;
				CLANG_WARN_UNREACHABLE_CODE = YES;
				CLANG_WARN__DUPLICATE_METHOD_MATCH = YES;
				COPY_PHASE_STRIP = NO;
				DEBUG_INFORMATION_FORMAT = "dwarf-with-dsym";
				ENABLE_NS_ASSERTIONS = NO;
				ENABLE_STRICT_OBJC_MSGSEND = YES;
				GCC_C_LANGUAGE_STANDARD = gnu11;
				GCC_NO_COMMON_BLOCKS = YES;
				GCC_WARN_64_TO_32_BIT_CONVERSION = YES;
				GCC_WARN_ABOUT_RETURN_TYPE = YES_ERROR;
				GCC_WARN_UNDECLARED_SELECTOR = YES;
				GCC_WARN_UNINITIALIZED_AUTOS = YES_AGGRESSIVE;
				GCC_WARN_UNUSED_FUNCTION = YES;
				GCC_WARN_UNUSED_VARIABLE = YES;
				IPHONEOS_DEPLOYMENT_TARGET = 13.1;
				MTL_ENABLE_DEBUG_INFO = NO;
				MTL_FAST_MATH = YES;
				SDKROOT = iphoneos;
				SWIFT_COMPILATION_MODE = wholemodule;
				SWIFT_OPTIMIZATION_LEVEL = "-O";
				VALIDATE_PRODUCT = YES;
			};
			name = Release;
		};
		33D548FC2371BC7F0072E2B3 /* Debug */ = {
			isa = XCBuildConfiguration;
			buildSettings = {
				ASSETCATALOG_COMPILER_APPICON_NAME = AppIcon;
				CODE_SIGN_STYLE = Automatic;
				DEVELOPMENT_TEAM = 85L65YJ92T;
				INFOPLIST_FILE = ToDoList/Info.plist;
				LD_RUNPATH_SEARCH_PATHS = (
					"$(inherited)",
					"@executable_path/Frameworks",
				);
				PRODUCT_BUNDLE_IDENTIFIER = AliceZhong.ToDoList;
				PRODUCT_NAME = "$(TARGET_NAME)";
				SWIFT_VERSION = 5.0;
				TARGETED_DEVICE_FAMILY = "1,2";
			};
			name = Debug;
		};
		33D548FD2371BC7F0072E2B3 /* Release */ = {
			isa = XCBuildConfiguration;
			buildSettings = {
				ASSETCATALOG_COMPILER_APPICON_NAME = AppIcon;
				CODE_SIGN_STYLE = Automatic;
				DEVELOPMENT_TEAM = 85L65YJ92T;
				INFOPLIST_FILE = ToDoList/Info.plist;
				LD_RUNPATH_SEARCH_PATHS = (
					"$(inherited)",
					"@executable_path/Frameworks",
				);
				PRODUCT_BUNDLE_IDENTIFIER = AliceZhong.ToDoList;
				PRODUCT_NAME = "$(TARGET_NAME)";
				SWIFT_VERSION = 5.0;
				TARGETED_DEVICE_FAMILY = "1,2";
			};
			name = Release;
		};
		33D548FF2371BC7F0072E2B3 /* Debug */ = {
			isa = XCBuildConfiguration;
			buildSettings = {
				ALWAYS_EMBED_SWIFT_STANDARD_LIBRARIES = YES;
				BUNDLE_LOADER = "$(TEST_HOST)";
				CODE_SIGN_STYLE = Automatic;
				DEVELOPMENT_TEAM = 85L65YJ92T;
				INFOPLIST_FILE = ToDoListTests/Info.plist;
				IPHONEOS_DEPLOYMENT_TARGET = 13.1;
				LD_RUNPATH_SEARCH_PATHS = (
					"$(inherited)",
					"@executable_path/Frameworks",
					"@loader_path/Frameworks",
				);
				PRODUCT_BUNDLE_IDENTIFIER = AliceZhong.ToDoListTests;
				PRODUCT_NAME = "$(TARGET_NAME)";
				SWIFT_VERSION = 5.0;
				TARGETED_DEVICE_FAMILY = "1,2";
				TEST_HOST = "$(BUILT_PRODUCTS_DIR)/ToDoList.app/ToDoList";
			};
			name = Debug;
		};
		33D549002371BC7F0072E2B3 /* Release */ = {
			isa = XCBuildConfiguration;
			buildSettings = {
				ALWAYS_EMBED_SWIFT_STANDARD_LIBRARIES = YES;
				BUNDLE_LOADER = "$(TEST_HOST)";
				CODE_SIGN_STYLE = Automatic;
				DEVELOPMENT_TEAM = 85L65YJ92T;
				INFOPLIST_FILE = ToDoListTests/Info.plist;
				IPHONEOS_DEPLOYMENT_TARGET = 13.1;
				LD_RUNPATH_SEARCH_PATHS = (
					"$(inherited)",
					"@executable_path/Frameworks",
					"@loader_path/Frameworks",
				);
				PRODUCT_BUNDLE_IDENTIFIER = AliceZhong.ToDoListTests;
				PRODUCT_NAME = "$(TARGET_NAME)";
				SWIFT_VERSION = 5.0;
				TARGETED_DEVICE_FAMILY = "1,2";
				TEST_HOST = "$(BUILT_PRODUCTS_DIR)/ToDoList.app/ToDoList";
			};
			name = Release;
		};
		33D549022371BC7F0072E2B3 /* Debug */ = {
			isa = XCBuildConfiguration;
			buildSettings = {
				ALWAYS_EMBED_SWIFT_STANDARD_LIBRARIES = YES;
				CODE_SIGN_STYLE = Automatic;
				DEVELOPMENT_TEAM = 85L65YJ92T;
				INFOPLIST_FILE = ToDoListUITests/Info.plist;
				LD_RUNPATH_SEARCH_PATHS = (
					"$(inherited)",
					"@executable_path/Frameworks",
					"@loader_path/Frameworks",
				);
				PRODUCT_BUNDLE_IDENTIFIER = AliceZhong.ToDoListUITests;
				PRODUCT_NAME = "$(TARGET_NAME)";
				SWIFT_VERSION = 5.0;
				TARGETED_DEVICE_FAMILY = "1,2";
				TEST_TARGET_NAME = ToDoList;
			};
			name = Debug;
		};
		33D549032371BC7F0072E2B3 /* Release */ = {
			isa = XCBuildConfiguration;
			buildSettings = {
				ALWAYS_EMBED_SWIFT_STANDARD_LIBRARIES = YES;
				CODE_SIGN_STYLE = Automatic;
				DEVELOPMENT_TEAM = 85L65YJ92T;
				INFOPLIST_FILE = ToDoListUITests/Info.plist;
				LD_RUNPATH_SEARCH_PATHS = (
					"$(inherited)",
					"@executable_path/Frameworks",
					"@loader_path/Frameworks",
				);
				PRODUCT_BUNDLE_IDENTIFIER = AliceZhong.ToDoListUITests;
				PRODUCT_NAME = "$(TARGET_NAME)";
				SWIFT_VERSION = 5.0;
				TARGETED_DEVICE_FAMILY = "1,2";
				TEST_TARGET_NAME = ToDoList;
			};
			name = Release;
		};
/* End XCBuildConfiguration section */

/* Begin XCConfigurationList section */
		33D548CC2371BC7B0072E2B3 /* Build configuration list for PBXProject "ToDoList" */ = {
			isa = XCConfigurationList;
			buildConfigurations = (
				33D548F92371BC7F0072E2B3 /* Debug */,
				33D548FA2371BC7F0072E2B3 /* Release */,
			);
			defaultConfigurationIsVisible = 0;
			defaultConfigurationName = Release;
		};
		33D548FB2371BC7F0072E2B3 /* Build configuration list for PBXNativeTarget "ToDoList" */ = {
			isa = XCConfigurationList;
			buildConfigurations = (
				33D548FC2371BC7F0072E2B3 /* Debug */,
				33D548FD2371BC7F0072E2B3 /* Release */,
			);
			defaultConfigurationIsVisible = 0;
			defaultConfigurationName = Release;
		};
		33D548FE2371BC7F0072E2B3 /* Build configuration list for PBXNativeTarget "ToDoListTests" */ = {
			isa = XCConfigurationList;
			buildConfigurations = (
				33D548FF2371BC7F0072E2B3 /* Debug */,
				33D549002371BC7F0072E2B3 /* Release */,
			);
			defaultConfigurationIsVisible = 0;
			defaultConfigurationName = Release;
		};
		33D549012371BC7F0072E2B3 /* Build configuration list for PBXNativeTarget "ToDoListUITests" */ = {
			isa = XCConfigurationList;
			buildConfigurations = (
				33D549022371BC7F0072E2B3 /* Debug */,
				33D549032371BC7F0072E2B3 /* Release */,
			);
			defaultConfigurationIsVisible = 0;
			defaultConfigurationName = Release;
		};
/* End XCConfigurationList section */
	};
	rootObject = 33D548C92371BC7B0072E2B3 /* Project object */;
}
